version: 2.0
shards:
  ameba:
    git: https://github.com/crystal-ameba/ameba.git
    version: 1.4.3+git.commit.ef2d05e48a930b2de9fc61c7337731f572a92d81

  crystar:
    git: https://github.com/naqvis/crystar.git
    version: 0.3.0+git.commit.79a1f81ad442930bc42131ae9802c795516069aa

  qr-code:
    git: https://github.com/spider-gazelle/qr-code.git
    version: 1.0.2

  zip64:
    git: https://github.com/crystal-garage/crystal-zip64.git
    version: 0.2.1

